
Microsoft Visual Studio Solution File, Format Version 12.00
# Visual Studio Version 17
VisualStudioVersion = 17.6.33513.286
MinimumVisualStudioVersion = 10.0.40219.1
Project("{FAE04EC0-301F-11D3-BF4B-00C04F79EFBC}") = "Lesson15", "Lesson15.csproj", "{76BC3059-E74F-488F-88EB-16E005B9B734}"
EndProject
Global
	GlobalSection(SolutionConfigurationPlatforms) = preSolution
		Debug|Any CPU = Debug|Any CPU
		Release|Any CPU = Release|Any CPU
	EndGlobalSection
	GlobalSection(ProjectConfigurationPlatforms) = postSolution
		{76BC3059-E74F-488F-88EB-16E005B9B734}.Debug|Any CPU.ActiveCfg = Debug|Any CPU
		{76BC3059-E74F-488F-88EB-16E005B9B734}.Debug|Any CPU.Build.0 = Debug|Any CPU
		{76BC3059-E74F-488F-88EB-16E005B9B734}.Release|Any CPU.ActiveCfg = Release|Any CPU
		{76BC3059-E74F-488F-88EB-16E005B9B734}.Release|Any CPU.Build.0 = Release|Any CPU
	EndGlobalSection
	GlobalSection(SolutionProperties) = preSolution
		HideSolutionNode = FALSE
	EndGlobalSection
	GlobalSection(ExtensibilityGlobals) = postSolution
		SolutionGuid = {EDD4A362-BA87-4B3A-96C8-774D8CC9DAEC}
	EndGlobalSection
EndGlobal
